
Microsoft Visual Studio Solution File, Format Version 12.00
# Visual Studio Version 17
VisualStudioVersion = 17.9.34321.82
MinimumVisualStudioVersion = 10.0.40219.1
Project("{9A19103F-16F7-4668-BE54-9A1E7A4F7556}") = "NostroSparksFeedReverser", "NostroSparksFeedReverser\NostroSparksFeedReverser.csproj", "{B465B5F9-4A17-4FFD-AEF8-DF20CABB3D89}"
EndProject
Project("{2150E333-8FDC-42A3-9474-1A3956D46DE8}") = "Solution Items", "Solution Items", "{F2BF0664-C6C2-4D84-967C-CC5940233536}"
	ProjectSection(SolutionItems) = preProject
		Instructions.txt = Instructions.txt
	EndProjectSection
EndProject
Project("{FAE04EC0-301F-11D3-BF4B-00C04F79EFBC}") = "SettlementIdExtracter", "SettlementIdExtracter\SettlementIdExtracter.csproj", "{9F423989-0FB9-4949-8FF1-2DF4665FC87B}"
EndProject
Global
	GlobalSection(SolutionConfigurationPlatforms) = preSolution
		Debug|Any CPU = Debug|Any CPU
		Release|Any CPU = Release|Any CPU
	EndGlobalSection
	GlobalSection(ProjectConfigurationPlatforms) = postSolution
		{B465B5F9-4A17-4FFD-AEF8-DF20CABB3D89}.Debug|Any CPU.ActiveCfg = Debug|Any CPU
		{B465B5F9-4A17-4FFD-AEF8-DF20CABB3D89}.Debug|Any CPU.Build.0 = Debug|Any CPU
		{B465B5F9-4A17-4FFD-AEF8-DF20CABB3D89}.Release|Any CPU.ActiveCfg = Release|Any CPU
		{B465B5F9-4A17-4FFD-AEF8-DF20CABB3D89}.Release|Any CPU.Build.0 = Release|Any CPU
		{9F423989-0FB9-4949-8FF1-2DF4665FC87B}.Debug|Any CPU.ActiveCfg = Debug|Any CPU
		{9F423989-0FB9-4949-8FF1-2DF4665FC87B}.Debug|Any CPU.Build.0 = Debug|Any CPU
		{9F423989-0FB9-4949-8FF1-2DF4665FC87B}.Release|Any CPU.ActiveCfg = Release|Any CPU
		{9F423989-0FB9-4949-8FF1-2DF4665FC87B}.Release|Any CPU.Build.0 = Release|Any CPU
	EndGlobalSection
	GlobalSection(SolutionProperties) = preSolution
		HideSolutionNode = FALSE
	EndGlobalSection
	GlobalSection(ExtensibilityGlobals) = postSolution
		SolutionGuid = {F1FFB8AE-F896-4336-9DE6-BC786B1FC7DA}
	EndGlobalSection
EndGlobal
